
Microsoft Visual Studio Solution File, Format Version 12.00
# Visual Studio Version 16
VisualStudioVersion = 16.0.29709.97
MinimumVisualStudioVersion = 10.0.40219.1
Project("{FAE04EC0-301F-11D3-BF4B-00C04F79EFBC}") = "Authentication-app", "Authentication-app\Authentication-app.csproj", "{911B4639-37EA-439E-99A9-602AE3C4FE4A}"
EndProject
Global
	GlobalSection(SolutionConfigurationPlatforms) = preSolution
		Debug|Any CPU = Debug|Any CPU
		Release|Any CPU = Release|Any CPU
	EndGlobalSection
	GlobalSection(ProjectConfigurationPlatforms) = postSolution
		{911B4639-37EA-439E-99A9-602AE3C4FE4A}.Debug|Any CPU.ActiveCfg = Debug|Any CPU
		{911B4639-37EA-439E-99A9-602AE3C4FE4A}.Debug|Any CPU.Build.0 = Debug|Any CPU
		{911B4639-37EA-439E-99A9-602AE3C4FE4A}.Release|Any CPU.ActiveCfg = Release|Any CPU
		{911B4639-37EA-439E-99A9-602AE3C4FE4A}.Release|Any CPU.Build.0 = Release|Any CPU
	EndGlobalSection
	GlobalSection(SolutionProperties) = preSolution
		HideSolutionNode = FALSE
	EndGlobalSection
	GlobalSection(ExtensibilityGlobals) = postSolution
		SolutionGuid = {5783536F-9AA2-47A4-908E-93495DA5C3A4}
	EndGlobalSection
EndGlobal
